%{"amqp": {:hex, :amqp, "0.1.1"},
  "amqp_client": {:hex, :amqp_client, "3.5.0"},
  "cowboy": {:hex, :cowboy, "1.0.0"},
  "cowlib": {:hex, :cowlib, "1.0.1"},
  "decimal": {:hex, :decimal, "1.1.0"},
  "earmark": {:hex, :earmark, "0.1.17"},
  "ecto": {:hex, :ecto, "0.10.3"},
  "ex_doc": {:hex, :ex_doc, "0.7.3"},
  "exactor": {:hex, :exactor, "2.1.2"},
  "exjsx": {:hex, :exjsx, "3.1.0"},
  "exvcr": {:git, "git://github.com/parroty/exvcr.git", "8ca24fcb0af3a26d16c848466977532633575f77", []},
  "fleet_api": {:hex, :fleet_api, "0.0.6"},
  "fs": {:hex, :fs, "0.9.2"},
  "hackney": {:hex, :hackney, "1.1.0"},
  "httpoison": {:hex, :httpoison, "0.6.2"},
  "idna": {:hex, :idna, "1.0.2"},
  "json": {:hex, :json, "0.3.2"},
  "jsx": {:hex, :jsx, "2.4.0"},
  "meck": {:hex, :meck, "0.8.2"},
  "openaperture_auth": {:git, "https://github.com/OpenAperture/auth.git", "227f10bc6108176523b96f016f2fc57adb472320", [ref: "227f10bc6108176523b96f016f2fc57adb472320"]},
  "openaperture_fleet": {:git, "https://github.com/OpenAperture/fleet.git", "2e63b7889c76f4d3b749146f3ebceb01702cf012", [ref: "2e63b7889c76f4d3b749146f3ebceb01702cf012"]},
  "openaperture_manager_api": {:git, "https://github.com/OpenAperture/manager_api.git", "5d442cfbdd45e71c1101334e185d02baec3ef945", [ref: "5d442cfbdd45e71c1101334e185d02baec3ef945"]},
  "openaperture_messaging": {:git, "https://github.com/OpenAperture/messaging.git", "8c51d099ec79473b23b3c385c072e6bf2219fba7", [ref: "8c51d099ec79473b23b3c385c072e6bf2219fba7"]},
  "openaperture_overseer_api": {:git, "https://github.com/OpenAperture/overseer_api.git", "4d65d2295f2730bc74ec695c32fa0d2478158182", [ref: "4d65d2295f2730bc74ec695c32fa0d2478158182"]},
  "openaperture_workflow_orchestrator_api": {:git, "https://github.com/OpenAperture/workflow_orchestrator_api.git", "6a30773415161146aeb0e07c6b2f456d1e0d8d48", [ref: "6a30773415161146aeb0e07c6b2f456d1e0d8d48"]},
  "phoenix": {:hex, :phoenix, "0.11.0"},
  "phoenix_live_reload": {:hex, :phoenix_live_reload, "0.3.2"},
  "plug": {:hex, :plug, "0.11.3"},
  "plug_cors": {:git, "https://github.com/bryanjos/plug_cors", "a4f7ed78d6d0d4dce91a2f2b55ec03c59cf4cd23", [tag: "v0.7.0"]},
  "poison": {:hex, :poison, "1.3.1"},
  "poolboy": {:hex, :poolboy, "1.4.2"},
  "postgrex": {:hex, :postgrex, "0.8.1"},
  "rabbit_common": {:hex, :rabbit_common, "3.5.0"},
  "ranch": {:hex, :ranch, "1.0.0"},
  "rsa": {:hex, :rsa, "0.0.1"},
  "ssl_verify_hostname": {:hex, :ssl_verify_hostname, "1.0.4"},
  "timex": {:hex, :timex, "0.13.4"},
  "timex_extensions": {:git, "https://github.com/OpenAperture/timex_extensions.git", "904f65f7f9f5d4e52619859e886c2e9a73b96bc0", [ref: "904f65f7f9f5d4e52619859e886c2e9a73b96bc0"]},
  "uuid": {:hex, :uuid, "0.1.5"}}
