%{"amqp": {:hex, :amqp, "0.1.1"},
  "amqp_client": {:hex, :amqp_client, "3.5.0"},
  "cowboy": {:hex, :cowboy, "1.0.0"},
  "cowlib": {:hex, :cowlib, "1.0.1"},
  "decimal": {:hex, :decimal, "1.1.0"},
  "earmark": {:git, "git://github.com/pragdave/earmark.git", "f078149976c6b408422bb0a6fe782f57b17afa3b", [tag: "v0.1.8"]},
  "ecto": {:hex, :ecto, "0.10.3"},
  "ex_doc": {:git, "git://github.com/elixir-lang/ex_doc.git", "05d578569be0ef2d9231c881232ca53253bab7ca", []},
  "exactor": {:hex, :exactor, "2.1.2"},
  "exjsx": {:hex, :exjsx, "3.1.0"},
  "exvcr": {:git, "git://github.com/parroty/exvcr.git", "8ca24fcb0af3a26d16c848466977532633575f77", []},
  "fleet_api": {:hex, :fleet_api, "0.0.4"},
  "fs": {:hex, :fs, "0.9.2"},
  "hackney": {:hex, :hackney, "1.1.0"},
  "httpoison": {:hex, :httpoison, "0.6.2"},
  "idna": {:hex, :idna, "1.0.2"},
  "json": {:hex, :json, "0.3.2"},
  "jsx": {:hex, :jsx, "2.4.0"},
  "meck": {:hex, :meck, "0.8.2"},
  "openaperture_auth": {:git, "https://github.com/OpenAperture/auth.git", "dd7483eac3e7833fd5f2f9fb7347b17f68ff4bea", [ref: "dd7483eac3e7833fd5f2f9fb7347b17f68ff4bea"]},
  "openaperture_fleet": {:git, "https://github.com/OpenAperture/fleet.git", "adab7f2649016f43352f43def797f61acea8a292", [ref: "adab7f2649016f43352f43def797f61acea8a292"]},
  "openaperture_manager_api": {:git, "https://github.com/OpenAperture/manager_api.git", "ae629a4127acceac8a9791c85e5a0d3b67d1ad16", [ref: "ae629a4127acceac8a9791c85e5a0d3b67d1ad16"]},
  "openaperture_messaging": {:git, "https://github.com/OpenAperture/messaging.git", "0af47ad04667342251bd829e01379b6d7703433f", [ref: "0af47ad04667342251bd829e01379b6d7703433f"]},
  "openaperture_overseer_api": {:git, "https://github.com/OpenAperture/overseer_api.git", "bbc5b14934f253884f91c174906bbc3570fddd2f", [ref: "bbc5b14934f253884f91c174906bbc3570fddd2f"]},
  "openaperture_workflow_orchestrator_api": {:git, "https://github.com/OpenAperture/workflow_orchestrator_api.git", "9f71efeda9ddf5315d3f7c945c5336347c720ac9", [ref: "9f71efeda9ddf5315d3f7c945c5336347c720ac9"]},
  "phoenix": {:hex, :phoenix, "0.11.0"},
  "phoenix_live_reload": {:hex, :phoenix_live_reload, "0.3.2"},
  "plug": {:hex, :plug, "0.11.3"},
  "plug_cors": {:git, "https://github.com/bryanjos/plug_cors", "a4f7ed78d6d0d4dce91a2f2b55ec03c59cf4cd23", [tag: "v0.7.0"]},
  "poison": {:hex, :poison, "1.3.1"},
  "poolboy": {:hex, :poolboy, "1.4.2"},
  "postgrex": {:hex, :postgrex, "0.8.1"},
  "rabbit_common": {:hex, :rabbit_common, "3.5.0"},
  "ranch": {:hex, :ranch, "1.0.0"},
  "rsa": {:hex, :rsa, "0.0.1"},
  "ssl_verify_hostname": {:hex, :ssl_verify_hostname, "1.0.4"},
  "timex": {:hex, :timex, "0.13.4"},
  "timex_extensions": {:git, "https://github.com/OpenAperture/timex_extensions.git", "904f65f7f9f5d4e52619859e886c2e9a73b96bc0", [ref: "904f65f7f9f5d4e52619859e886c2e9a73b96bc0"]},
  "uuid": {:hex, :uuid, "0.1.5"}}
